# THIS IS AN AUTOGENERATED FILE. DO NOT EDIT THIS FILE DIRECTLY.
# yarn lockfile v1


"@arco-design/color@^0.4.0":
  version "0.4.0"
  resolved "http://192.168.0.6:4873/@arco-design%2fcolor/-/color-0.4.0.tgz#52ddb40d318ee6df1057ca8c653cc1675023928f"
  integrity sha512-s7p9MSwJgHeL8DwcATaXvWT3m2SigKpxx4JA1BGPHL4gfvaQsmQfrLBDpjOJFJuJ2jG2dMt3R3P8Pm9E65q18g==
  dependencies:
    color "^3.1.3"

"@arco-design/web-vue@^2.0.3":
  version "2.0.3"
  resolved "http://192.168.0.6:4873/@arco-design%2fweb-vue/-/web-vue-2.0.3.tgz#dd768bcd3fed863560aaec4808fcaf35a838e4b8"
  integrity sha1-3XaLzT/thjVgquxICPyvNag45Lg=
  dependencies:
    "@arco-design/color" "^0.4.0"
    b-tween "^0.3.3"
    b-validate "^1.2.3"
    compute-scroll-into-view "^1.0.17"
    dayjs "^1.10.3"
    number-precision "^1.5.0"
    resize-observer-polyfill "^1.5.1"
    scroll-into-view-if-needed "^2.2.28"

"@babel/helper-validator-identifier@^7.15.7":
  version "7.15.7"
  resolved "http://192.168.0.6:4873/@babel%2fhelper-validator-identifier/-/helper-validator-identifier-7.15.7.tgz#220df993bfe904a4a6b02ab4f3385a5ebf6e2389"
  integrity sha1-Ig35k7/pBKSmsCq08zhaXr9uI4k=

"@babel/parser@^7.15.0", "@babel/parser@^7.6.0", "@babel/parser@^7.9.6":
  version "7.16.0"
  resolved "http://192.168.0.6:4873/@babel%2fparser/-/parser-7.16.0.tgz#cf147d7ada0a3655e79bf4b08ee846f00a00a295"
  integrity sha1-zxR9etoKNlXnm/SwjuhG8AoAopU=

"@babel/types@^7.6.1", "@babel/types@^7.9.6":
  version "7.16.0"
  resolved "http://192.168.0.6:4873/@babel%2ftypes/-/types-7.16.0.tgz#db3b313804f96aadd0b776c4823e127ad67289ba"
  integrity sha1-2zsxOAT5aq3Qt3bEgj4SetZyibo=
  dependencies:
    "@babel/helper-validator-identifier" "^7.15.7"
    to-fast-properties "^2.0.0"

"@emmetio/abbreviation@^2.2.2":
  version "2.2.2"
  resolved "http://192.168.0.6:4873/@emmetio%2fabbreviation/-/abbreviation-2.2.2.tgz#746762fd9e7a8c2ea604f580c62e3cfe250e6989"
  integrity sha1-dGdi/Z56jC6mBPWAxi48/iUOaYk=
  dependencies:
    "@emmetio/scanner" "^1.0.0"

"@emmetio/css-abbreviation@^2.1.4":
  version "2.1.4"
  resolved "http://192.168.0.6:4873/@emmetio%2fcss-abbreviation/-/css-abbreviation-2.1.4.tgz#90362e8a1122ce3b76f6c3157907d30182f53f54"
  integrity sha1-kDYuihEizjt29sMVeQfTAYL1P1Q=
  dependencies:
    "@emmetio/scanner" "^1.0.0"

"@emmetio/scanner@^1.0.0":
  version "1.0.0"
  resolved "http://192.168.0.6:4873/@emmetio%2fscanner/-/scanner-1.0.0.tgz#065b2af6233fe7474d44823e3deb89724af42b5f"
  integrity sha1-Blsq9iM/50dNRII+PeuJckr0K18=

"@vitejs/plugin-vue@^1.9.3":
  version "1.9.4"
  resolved "http://192.168.0.6:4873/@vitejs%2fplugin-vue/-/plugin-vue-1.9.4.tgz#4f48485432cbb986a9fb9d254dc33ce30ddccbfa"
  integrity sha1-T0hIVDLLuYap+50lTcM84w3cy/o=

"@volar/code-gen@^0.27.24":
  version "0.27.24"
  resolved "http://192.168.0.6:4873/@volar%2fcode-gen/-/code-gen-0.27.24.tgz#ccdbe858951c1ee4e0c3979232d52412dc46756a"
  integrity sha1-zNvoWJUcHuTgw5eSMtUkEtxGdWo=
  dependencies:
    "@volar/shared" "^0.27.24"
    "@volar/source-map" "^0.27.24"

"@volar/html2pug@^0.27.13":
  version "0.27.13"
  resolved "http://192.168.0.6:4873/@volar%2fhtml2pug/-/html2pug-0.27.13.tgz#48dfa73ecf1ef1955a02a046d0c88845950fac85"
  integrity sha1-SN+nPs8e8ZVaAqBG0MiIRZUPrIU=
  dependencies:
    domelementtype "^2.2.0"
    domhandler "^4.2.0"
    htmlparser2 "^6.1.0"
    pug "^3.0.2"

"@volar/shared@^0.27.24":
  version "0.27.24"
  resolved "http://192.168.0.6:4873/@volar%2fshared/-/shared-0.27.24.tgz#a33457ec8ac0b0d367ed54c9e21913a5f8c2d6c2"
  integrity sha1-ozRX7IrAsNNn7VTJ4hkTpfjC1sI=
  dependencies:
    upath "^2.0.1"
    vscode-jsonrpc "^8.0.0-next.2"
    vscode-uri "^3.0.2"

"@volar/source-map@^0.27.24":
  version "0.27.24"
  resolved "http://192.168.0.6:4873/@volar%2fsource-map/-/source-map-0.27.24.tgz#60f2e070c169be82cbf7ffa296a30c2823c5205f"
  integrity sha1-YPLgcMFpvoLL9/+ilqMMKCPFIF8=
  dependencies:
    "@volar/shared" "^0.27.24"

"@volar/transforms@^0.27.24":
  version "0.27.24"
  resolved "http://192.168.0.6:4873/@volar%2ftransforms/-/transforms-0.27.24.tgz#68ebc53dca2e36884e247c0866ec3d24ed815784"
  integrity sha1-aOvFPcouNohOJHwIZuw9JO2BV4Q=
  dependencies:
    "@volar/shared" "^0.27.24"
    vscode-languageserver "^8.0.0-next.2"

"@vscode/emmet-helper@^2.7.0":
  version "2.8.2"
  resolved "http://192.168.0.6:4873/@vscode%2femmet-helper/-/emmet-helper-2.8.2.tgz#9b2ce4fdd62cf3fda45cf8af67c012cfce55edc9"
  integrity sha1-myzk/dYs8/2kXPivZ8ASz85V7ck=
  dependencies:
    emmet "^2.3.0"
    jsonc-parser "^2.3.0"
    vscode-languageserver-textdocument "^1.0.1"
    vscode-languageserver-types "^3.15.1"
    vscode-nls "^5.0.0"
    vscode-uri "^2.1.2"

"@vue/compiler-core@3.2.20":
  version "3.2.20"
  resolved "http://192.168.0.6:4873/@vue%2fcompiler-core/-/compiler-core-3.2.20.tgz#af5a3c5237818835b0d0be837eb5885a8d21c160"
  integrity sha1-r1o8UjeBiDWw0L6DfrWIWo0hwWA=
  dependencies:
    "@babel/parser" "^7.15.0"
    "@vue/shared" "3.2.20"
    estree-walker "^2.0.2"
    source-map "^0.6.1"

"@vue/compiler-dom@3.2.20", "@vue/compiler-dom@^3.2.19":
  version "3.2.20"
  resolved "http://192.168.0.6:4873/@vue%2fcompiler-dom/-/compiler-dom-3.2.20.tgz#8e0ef354449c0faf41519b00bfc2045eae01dcb5"
  integrity sha1-jg7zVEScD69BUZsAv8IEXq4B3LU=
  dependencies:
    "@vue/compiler-core" "3.2.20"
    "@vue/shared" "3.2.20"

"@vue/compiler-sfc@3.2.20":
  version "3.2.20"
  resolved "http://192.168.0.6:4873/@vue%2fcompiler-sfc/-/compiler-sfc-3.2.20.tgz#2d7668e76f066c566dd7c09c15c9acce4e876e0a"
  integrity sha1-LXZo528GbFZt18CcFcmszk6Hbgo=
  dependencies:
    "@babel/parser" "^7.15.0"
    "@vue/compiler-core" "3.2.20"
    "@vue/compiler-dom" "3.2.20"
    "@vue/compiler-ssr" "3.2.20"
    "@vue/ref-transform" "3.2.20"
    "@vue/shared" "3.2.20"
    estree-walker "^2.0.2"
    magic-string "^0.25.7"
    postcss "^8.1.10"
    source-map "^0.6.1"

"@vue/compiler-ssr@3.2.20":
  version "3.2.20"
  resolved "http://192.168.0.6:4873/@vue%2fcompiler-ssr/-/compiler-ssr-3.2.20.tgz#9cceb6261d9932cb5568202610c1c28f86c5e521"
  integrity sha1-nM62Jh2ZMstVaCAmEMHCj4bF5SE=
  dependencies:
    "@vue/compiler-dom" "3.2.20"
    "@vue/shared" "3.2.20"

"@vue/devtools-api@^6.0.0-beta.18":
  version "6.0.0-beta.19"
  resolved "http://192.168.0.6:4873/@vue%2fdevtools-api/-/devtools-api-6.0.0-beta.19.tgz#f8e88059daa424515992426a0c7ea5cde07e99bf"
  integrity sha1-+OiAWdqkJFFZkkJqDH6lzeB+mb8=

"@vue/reactivity@3.2.20", "@vue/reactivity@^3.2.19":
  version "3.2.20"
  resolved "http://192.168.0.6:4873/@vue%2freactivity/-/reactivity-3.2.20.tgz#81fe1c368e7f20bc0ec1dec1045bbee253582de8"
  integrity sha1-gf4cNo5/ILwOwd7BBFu+4lNYLeg=
  dependencies:
    "@vue/shared" "3.2.20"

"@vue/ref-transform@3.2.20":
  version "3.2.20"
  resolved "http://192.168.0.6:4873/@vue%2fref-transform/-/ref-transform-3.2.20.tgz#2a59ec90caf8e5c7336776a0900bff0a8b81c090"
  integrity sha1-KlnskMr45cczZ3agkAv/CouBwJA=
  dependencies:
    "@babel/parser" "^7.15.0"
    "@vue/compiler-core" "3.2.20"
    "@vue/shared" "3.2.20"
    estree-walker "^2.0.2"
    magic-string "^0.25.7"

"@vue/runtime-core@3.2.20":
  version "3.2.20"
  resolved "http://192.168.0.6:4873/@vue%2fruntime-core/-/runtime-core-3.2.20.tgz#8f63e956a3f88fb772541443c45a7701211012cb"
  integrity sha1-j2PpVqP4j7dyVBRDxFp3ASEQEss=
  dependencies:
    "@vue/reactivity" "3.2.20"
    "@vue/shared" "3.2.20"

"@vue/runtime-dom@3.2.20":
  version "3.2.20"
  resolved "http://192.168.0.6:4873/@vue%2fruntime-dom/-/runtime-dom-3.2.20.tgz#8aa56ae6c30f9cd4a71ca0e9ec3c4bdc67148d15"
  integrity sha1-iqVq5sMPnNSnHKDp7DxL3GcUjRU=
  dependencies:
    "@vue/runtime-core" "3.2.20"
    "@vue/shared" "3.2.20"
    csstype "^2.6.8"

"@vue/server-renderer@3.2.20":
  version "3.2.20"
  resolved "http://192.168.0.6:4873/@vue%2fserver-renderer/-/server-renderer-3.2.20.tgz#705e07ae9425132b2b6227d308a51a13f4d4ec81"
  integrity sha1-cF4HrpQlEysrYifTCKUaE/TU7IE=
  dependencies:
    "@vue/compiler-ssr" "3.2.20"
    "@vue/shared" "3.2.20"

"@vue/shared@3.2.20", "@vue/shared@^3.2.19":
  version "3.2.20"
  resolved "http://192.168.0.6:4873/@vue%2fshared/-/shared-3.2.20.tgz#53746961f731a8ea666e3316271e944238dc31db"
  integrity sha1-U3RpYfcxqOpmbjMWJx6UQjjcMds=

acorn@^7.1.1:
  version "7.4.1"
  resolved "http://192.168.0.6:4873/acorn/-/acorn-7.4.1.tgz#feaed255973d2e77555b83dbc08851a6c63520fa"
  integrity sha1-/q7SVZc9LndVW4PbwIhRpsY1IPo=

anymatch@~3.1.2:
  version "3.1.2"
  resolved "http://192.168.0.6:4873/anymatch/-/anymatch-3.1.2.tgz#c0557c096af32f106198f4f4e2a383537e378716"
  integrity sha512-P43ePfOAIupkguHUycrc4qJ9kz8ZiuOUijaETwX7THt0Y/GNK7v0aa8rY816xWjZ7rJdA5XdMcpVFTKMq+RvWg==
  dependencies:
    normalize-path "^3.0.0"
    picomatch "^2.0.4"

asap@~2.0.3:
  version "2.0.6"
  resolved "http://192.168.0.6:4873/asap/-/asap-2.0.6.tgz#e50347611d7e690943208bbdafebcbc2fb866d46"
  integrity sha1-5QNHYR1+aQlDIIu9r+vLwvuGbUY=

assert-never@^1.2.1:
  version "1.2.1"
  resolved "http://192.168.0.6:4873/assert-never/-/assert-never-1.2.1.tgz#11f0e363bf146205fb08193b5c7b90f4d1cf44fe"
  integrity sha512-TaTivMB6pYI1kXwrFlEhLeGfOqoDNdTxjCdwRfFFkEA30Eu+k48W34nlok2EYWJfFFzqaEmichdNM7th6M5HNw==

b-tween@^0.3.3:
  version "0.3.3"
  resolved "http://192.168.0.6:4873/b-tween/-/b-tween-0.3.3.tgz#7a93ed199c98cd41a33ba4c711a0fa7e86db3fa2"
  integrity sha512-oEHegcRpA7fAuc9KC4nktucuZn2aS8htymCPcP3qkEGPqiBH+GfqtqoG2l7LxHngg6O0HFM7hOeOYExl1Oz4ZA==

b-validate@^1.2.3:
  version "1.2.5"
  resolved "http://192.168.0.6:4873/b-validate/-/b-validate-1.2.5.tgz#9f521958df4a9607fc117b88a08fcebb53177850"
  integrity sha512-1O7CPZcLbU+gP84qpmJ+mtHfaJf7p9um8uQnZU4UJXZF60tW50z+FUx8VdFZmZXGhJvjT0v7dMyW4HD9/hX4WA==
  dependencies:
    lodash.isequal "^4.5.0"

babel-walk@3.0.0-canary-5:
  version "3.0.0-canary-5"
  resolved "http://192.168.0.6:4873/babel-walk/-/babel-walk-3.0.0-canary-5.tgz#f66ecd7298357aee44955f235a6ef54219104b11"
  integrity sha512-GAwkz0AihzY5bkwIY5QDR+LvsRQgB/B+1foMPvi0FZPMl5fjD7ICiznUiBdLYMH1QYe6vqu4gWYytZOccLouFw==
  dependencies:
    "@babel/types" "^7.9.6"

binary-extensions@^2.0.0:
  version "2.2.0"
  resolved "http://192.168.0.6:4873/binary-extensions/-/binary-extensions-2.2.0.tgz#75f502eeaf9ffde42fc98829645be4ea76bd9e2d"
  integrity sha1-dfUC7q+f/eQvyYgpZFvk6na9ni0=

braces@~3.0.2:
  version "3.0.2"
  resolved "http://192.168.0.6:4873/braces/-/braces-3.0.2.tgz#3454e1a462ee8d599e236df336cd9ea4f8afe107"
  integrity sha1-NFThpGLujVmeI23zNs2epPiv4Qc=
  dependencies:
    fill-range "^7.0.1"

call-bind@^1.0.2:
  version "1.0.2"
  resolved "http://192.168.0.6:4873/call-bind/-/call-bind-1.0.2.tgz#b1d4e89e688119c3c9a903ad30abb2f6a919be3c"
  integrity sha1-sdTonmiBGcPJqQOtMKuy9qkZvjw=
  dependencies:
    function-bind "^1.1.1"
    get-intrinsic "^1.0.2"

character-parser@^2.2.0:
  version "2.2.0"
  resolved "http://192.168.0.6:4873/character-parser/-/character-parser-2.2.0.tgz#c7ce28f36d4bcd9744e5ffc2c5fcde1c73261fc0"
  integrity sha1-x84o821LzZdE5f/CxfzeHHMmH8A=
  dependencies:
    is-regex "^1.0.3"

"chokidar@>=3.0.0 <4.0.0":
  version "3.5.2"
  resolved "http://192.168.0.6:4873/chokidar/-/chokidar-3.5.2.tgz#dba3976fcadb016f66fd365021d91600d01c1e75"
  integrity sha512-ekGhOnNVPgT77r4K/U3GDhu+FQ2S8TnK/s2KbIGXi0SZWuwkZ2QNyfWdZW+TVfn84DpEP7rLeCt2UI6bJ8GwbQ==
  dependencies:
    anymatch "~3.1.2"
    braces "~3.0.2"
    glob-parent "~5.1.2"
    is-binary-path "~2.1.0"
    is-glob "~4.0.1"
    normalize-path "~3.0.0"
    readdirp "~3.6.0"
  optionalDependencies:
    fsevents "~2.3.2"

color-convert@^1.9.3:
  version "1.9.3"
  resolved "http://192.168.0.6:4873/color-convert/-/color-convert-1.9.3.tgz#bb71850690e1f136567de629d2d5471deda4c1e8"
  integrity sha1-u3GFBpDh8TZWfeYp0tVHHe2kweg=
  dependencies:
    color-name "1.1.3"

color-name@1.1.3:
  version "1.1.3"
  resolved "http://192.168.0.6:4873/color-name/-/color-name-1.1.3.tgz#a7d0558bd89c42f795dd42328f740831ca53bc25"
  integrity sha1-p9BVi9icQveV3UIyj3QIMcpTvCU=

color-name@^1.0.0:
  version "1.1.4"
  resolved "http://192.168.0.6:4873/color-name/-/color-name-1.1.4.tgz#c2a09a87acbde69543de6f63fa3995c826c536a2"
  integrity sha1-wqCah6y95pVD3m9j+jmVyCbFNqI=

color-string@^1.6.0:
  version "1.6.0"
  resolved "http://192.168.0.6:4873/color-string/-/color-string-1.6.0.tgz#c3915f61fe267672cb7e1e064c9d692219f6c312"
  integrity sha512-c/hGS+kRWJutUBEngKKmk4iH3sD59MBkoxVapS/0wgpCz2u7XsNloxknyvBhzwEs1IbV36D9PwqLPJ2DTu3vMA==
  dependencies:
    color-name "^1.0.0"
    simple-swizzle "^0.2.2"

color@^3.1.3:
  version "3.2.1"
  resolved "http://192.168.0.6:4873/color/-/color-3.2.1.tgz#3544dc198caf4490c3ecc9a790b54fe9ff45e164"
  integrity sha512-aBl7dZI9ENN6fUGC7mWpMTPNHmWUSNan9tuWN6ahh5ZLNk9baLJOnSMlrQkHcrfFgz2/RigjUVAjdx36VcemKA==
  dependencies:
    color-convert "^1.9.3"
    color-string "^1.6.0"

compute-scroll-into-view@^1.0.17:
  version "1.0.17"
  resolved "http://192.168.0.6:4873/compute-scroll-into-view/-/compute-scroll-into-view-1.0.17.tgz#6a88f18acd9d42e9cf4baa6bec7e0522607ab7ab"
  integrity sha1-aojxis2dQunPS6pr7H4FImB6t6s=

constantinople@^4.0.1:
  version "4.0.1"
  resolved "http://192.168.0.6:4873/constantinople/-/constantinople-4.0.1.tgz#0def113fa0e4dc8de83331a5cf79c8b325213151"
  integrity sha1-De8RP6Dk3I3oMzGlz3nIsyUhMVE=
  dependencies:
    "@babel/parser" "^7.6.0"
    "@babel/types" "^7.6.1"

csstype@^2.6.8:
  version "2.6.18"
  resolved "http://192.168.0.6:4873/csstype/-/csstype-2.6.18.tgz#980a8b53085f34af313410af064f2bd241784218"
  integrity sha512-RSU6Hyeg14am3Ah4VZEmeX8H7kLwEEirXe6aU2IPfKNvhXwTflK5HQRDNI0ypQXoqmm+QPyG2IaPuQE5zMwSIQ==

dayjs@^1.10.3:
  version "1.10.7"
  resolved "http://192.168.0.6:4873/dayjs/-/dayjs-1.10.7.tgz#2cf5f91add28116748440866a0a1d26f3a6ce468"
  integrity sha512-P6twpd70BcPK34K26uJ1KT3wlhpuOAPoMwJzpsIWUxHZ7wpmbdZL/hQqBDfz7hGurYSa5PhzdhDHtt319hL3ig==

doctypes@^1.1.0:
  version "1.1.0"
  resolved "http://192.168.0.6:4873/doctypes/-/doctypes-1.1.0.tgz#ea80b106a87538774e8a3a4a5afe293de489e0a9"
  integrity sha1-6oCxBqh1OHdOijpKWv4pPeSJ4Kk=

dom-serializer@^1.0.1:
  version "1.3.2"
  resolved "http://192.168.0.6:4873/dom-serializer/-/dom-serializer-1.3.2.tgz#6206437d32ceefaec7161803230c7a20bc1b4d91"
  integrity sha512-5c54Bk5Dw4qAxNOI1pFEizPSjVsx5+bpJKmL2kPn8JhBUq2q09tTCa3mjijun2NfK78NMouDYNMBkOrPZiS+ig==
  dependencies:
    domelementtype "^2.0.1"
    domhandler "^4.2.0"
    entities "^2.0.0"

domelementtype@^2.0.1, domelementtype@^2.2.0:
  version "2.2.0"
  resolved "http://192.168.0.6:4873/domelementtype/-/domelementtype-2.2.0.tgz#9a0b6c2782ed6a1c7323d42267183df9bd8b1d57"
  integrity sha512-DtBMo82pv1dFtUmHyr48beiuq792Sxohr+8Hm9zoxklYPfa6n0Z3Byjj2IV7bmr2IyqClnqEQhfgHJJ5QF0R5A==

domhandler@^4.0.0, domhandler@^4.2.0:
  version "4.2.2"
  resolved "http://192.168.0.6:4873/domhandler/-/domhandler-4.2.2.tgz#e825d721d19a86b8c201a35264e226c678ee755f"
  integrity sha512-PzE9aBMsdZO8TK4BnuJwH0QT41wgMbRzuZrHUcpYncEjmQazq8QEaBWgLG7ZyC/DAZKEgglpIA6j4Qn/HmxS3w==
  dependencies:
    domelementtype "^2.2.0"

domutils@^2.5.2:
  version "2.8.0"
  resolved "http://192.168.0.6:4873/domutils/-/domutils-2.8.0.tgz#4437def5db6e2d1f5d6ee859bd95ca7d02048135"
  integrity sha512-w96Cjofp72M5IIhpjgobBimYEfoPjx1Vx0BSX9P30WBdZW2WIKU0T1Bd0kz2eNZ9ikjKgHbEyKx8BB6H1L3h3A==
  dependencies:
    dom-serializer "^1.0.1"
    domelementtype "^2.2.0"
    domhandler "^4.2.0"

emmet@^2.3.0:
  version "2.3.4"
  resolved "http://192.168.0.6:4873/emmet/-/emmet-2.3.4.tgz#5ba0d7a5569a68c7697dfa890c772e4f3179d123"
  integrity sha512-3IqSwmO+N2ZGeuhDyhV/TIOJFUbkChi53bcasSNRE7Yd+4eorbbYz4e53TpMECt38NtYkZNupQCZRlwdAYA42A==
  dependencies:
    "@emmetio/abbreviation" "^2.2.2"
    "@emmetio/css-abbreviation" "^2.1.4"

entities@^2.0.0:
  version "2.2.0"
  resolved "http://192.168.0.6:4873/entities/-/entities-2.2.0.tgz#098dc90ebb83d8dffa089d55256b351d34c4da55"
  integrity sha1-CY3JDruD2N/6CJ1VJWs1HTTE2lU=

esbuild-android-arm64@0.13.12:
  version "0.13.12"
  resolved "http://192.168.0.6:4873/esbuild-android-arm64/-/esbuild-android-arm64-0.13.12.tgz#e1f199dc05405cdc6670c00fb6c793822bf8ae4c"
  integrity sha512-TSVZVrb4EIXz6KaYjXfTzPyyRpXV5zgYIADXtQsIenjZ78myvDGaPi11o4ZSaHIwFHsuwkB6ne5SZRBwAQ7maw==

esbuild-darwin-64@0.13.12:
  version "0.13.12"
  resolved "http://192.168.0.6:4873/esbuild-darwin-64/-/esbuild-darwin-64-0.13.12.tgz#f5c59e622955c01f050e5a7ac9c1d41db714b94d"
  integrity sha512-c51C+N+UHySoV2lgfWSwwmlnLnL0JWj/LzuZt9Ltk9ub1s2Y8cr6SQV5W3mqVH1egUceew6KZ8GyI4nwu+fhsw==

esbuild-darwin-arm64@0.13.12:
  version "0.13.12"
  resolved "http://192.168.0.6:4873/esbuild-darwin-arm64/-/esbuild-darwin-arm64-0.13.12.tgz#8abae74c2956a8aa568fc52c78829338c4a4b988"
  integrity sha512-JvAMtshP45Hd8A8wOzjkY1xAnTKTYuP/QUaKp5eUQGX+76GIie3fCdUUr2ZEKdvpSImNqxiZSIMziEiGB5oUmQ==

esbuild-freebsd-64@0.13.12:
  version "0.13.12"
  resolved "http://192.168.0.6:4873/esbuild-freebsd-64/-/esbuild-freebsd-64-0.13.12.tgz#6ad2ab8c0364ee7dd2d6e324d876a8e60ae75d12"
  integrity sha512-r6On/Skv9f0ZjTu6PW5o7pdXr8aOgtFOEURJZYf1XAJs0IQ+gW+o1DzXjVkIoT+n1cm3N/t1KRJfX71MPg/ZUA==

esbuild-freebsd-arm64@0.13.12:
  version "0.13.12"
  resolved "http://192.168.0.6:4873/esbuild-freebsd-arm64/-/esbuild-freebsd-arm64-0.13.12.tgz#6f38155f4c300ac4c8adde1fde3cc6a4440a8294"
  integrity sha512-F6LmI2Q1gii073kmBE3NOTt/6zLL5zvZsxNLF8PMAwdHc+iBhD1vzfI8uQZMJA1IgXa3ocr3L3DJH9fLGXy6Yw==

esbuild-linux-32@0.13.12:
  version "0.13.12"
  resolved "http://192.168.0.6:4873/esbuild-linux-32/-/esbuild-linux-32-0.13.12.tgz#b1d15e330188a8c21de75c3f0058628a3eefade7"
  integrity sha512-U1UZwG3UIwF7/V4tCVAo/nkBV9ag5KJiJTt+gaCmLVWH3bPLX7y+fNlhIWZy8raTMnXhMKfaTvWZ9TtmXzvkuQ==

esbuild-linux-64@0.13.12:
  version "0.13.12"
  resolved "http://192.168.0.6:4873/esbuild-linux-64/-/esbuild-linux-64-0.13.12.tgz#25bd64b66162b02348e32d8f12e4c9ee61f1d070"
  integrity sha512-YpXSwtu2NxN3N4ifJxEdsgd6Q5d8LYqskrAwjmoCT6yQnEHJSF5uWcxv783HWN7lnGpJi9KUtDvYsnMdyGw71Q==

esbuild-linux-arm64@0.13.12:
  version "0.13.12"
  resolved "http://192.168.0.6:4873/esbuild-linux-arm64/-/esbuild-linux-arm64-0.13.12.tgz#ba582298457cc5c9ac823a275de117620c06537f"
  integrity sha512-sgDNb8kb3BVodtAlcFGgwk+43KFCYjnFOaOfJibXnnIojNWuJHpL6aQJ4mumzNWw8Rt1xEtDQyuGK9f+Y24jGA==

esbuild-linux-arm@0.13.12:
  version "0.13.12"
  resolved "http://192.168.0.6:4873/esbuild-linux-arm/-/esbuild-linux-arm-0.13.12.tgz#6bc81c957bff22725688cc6359c29a25765be09b"
  integrity sha512-SyiT/JKxU6J+DY2qUiSLZJqCAftIt3uoGejZ0HDnUM2MGJqEGSGh7p1ecVL2gna3PxS4P+j6WAehCwgkBPXNIw==

esbuild-linux-mips64le@0.13.12:
  version "0.13.12"
  resolved "http://192.168.0.6:4873/esbuild-linux-mips64le/-/esbuild-linux-mips64le-0.13.12.tgz#ef3c4aba3e585d847cbade5945a8b4a5c62c7ce2"
  integrity sha512-qQJHlZBG+QwVIA8AbTEtbvF084QgDi4DaUsUnA+EolY1bxrG+UyOuGflM2ZritGhfS/k7THFjJbjH2wIeoKA2g==

esbuild-linux-ppc64le@0.13.12:
  version "0.13.12"
  resolved "http://192.168.0.6:4873/esbuild-linux-ppc64le/-/esbuild-linux-ppc64le-0.13.12.tgz#a21fb64e80c38bef06122e48283990fc6db578e1"
  integrity sha512-2dSnm1ldL7Lppwlo04CGQUpwNn5hGqXI38OzaoPOkRsBRWFBozyGxTFSee/zHFS+Pdh3b28JJbRK3owrrRgWNw==

esbuild-netbsd-64@0.13.12:
  version "0.13.12"
  resolved "http://192.168.0.6:4873/esbuild-netbsd-64/-/esbuild-netbsd-64-0.13.12.tgz#1ea7fc8cfce88a20a4047b867ef184049a6641ae"
  integrity sha512-D4raxr02dcRiQNbxOLzpqBzcJNFAdsDNxjUbKkDMZBkL54Z0vZh4LRndycdZAMcIdizC/l/Yp/ZsBdAFxc5nbA==

esbuild-openbsd-64@0.13.12:
  version "0.13.12"
  resolved "http://192.168.0.6:4873/esbuild-openbsd-64/-/esbuild-openbsd-64-0.13.12.tgz#adde32f2f1b05dc4bd4fc544d6ea5a4379f9ca4d"
  integrity sha512-KuLCmYMb2kh05QuPJ+va60bKIH5wHL8ypDkmpy47lzwmdxNsuySeCMHuTv5o2Af1RUn5KLO5ZxaZeq4GEY7DaQ==

esbuild-sunos-64@0.13.12:
  version "0.13.12"
  resolved "http://192.168.0.6:4873/esbuild-sunos-64/-/esbuild-sunos-64-0.13.12.tgz#a7ecaf52b7364fbee76dc8aa707fa3e1cff3342c"
  integrity sha512-jBsF+e0woK3miKI8ufGWKG3o3rY9DpHvCVRn5eburMIIE+2c+y3IZ1srsthKyKI6kkXLvV4Cf/E7w56kLipMXw==

esbuild-windows-32@0.13.12:
  version "0.13.12"
  resolved "http://192.168.0.6:4873/esbuild-windows-32/-/esbuild-windows-32-0.13.12.tgz#a8756033dc905c4b7bea19be69f7ee68809f8770"
  integrity sha512-L9m4lLFQrFeR7F+eLZXG82SbXZfUhyfu6CexZEil6vm+lc7GDCE0Q8DiNutkpzjv1+RAbIGVva9muItQ7HVTkQ==

esbuild-windows-64@0.13.12:
  version "0.13.12"
  resolved "http://192.168.0.6:4873/esbuild-windows-64/-/esbuild-windows-64-0.13.12.tgz#ae694aa66ca078acb8509b2da31197ed1f40f798"
  integrity sha512-k4tX4uJlSbSkfs78W5d9+I9gpd+7N95W7H2bgOMFPsYREVJs31+Q2gLLHlsnlY95zBoPQMIzHooUIsixQIBjaQ==

esbuild-windows-arm64@0.13.12:
  version "0.13.12"
  resolved "http://192.168.0.6:4873/esbuild-windows-arm64/-/esbuild-windows-arm64-0.13.12.tgz#782c5a8bd6d717ea55aaafe648f9926ca36a4a88"
  integrity sha512-2tTv/BpYRIvuwHpp2M960nG7uvL+d78LFW/ikPItO+2GfK51CswIKSetSpDii+cjz8e9iSPgs+BU4o8nWICBwQ==

esbuild@^0.13.2:
  version "0.13.12"
  resolved "http://192.168.0.6:4873/esbuild/-/esbuild-0.13.12.tgz#9cac641594bf03cf34145258c093d743ebbde7ca"
  integrity sha512-vTKKUt+yoz61U/BbrnmlG9XIjwpdIxmHB8DlPR0AAW6OdS+nBQBci6LUHU2q9WbBobMEIQxxDpKbkmOGYvxsow==
  optionalDependencies:
    esbuild-android-arm64 "0.13.12"
    esbuild-darwin-64 "0.13.12"
    esbuild-darwin-arm64 "0.13.12"
    esbuild-freebsd-64 "0.13.12"
    esbuild-freebsd-arm64 "0.13.12"
    esbuild-linux-32 "0.13.12"
    esbuild-linux-64 "0.13.12"
    esbuild-linux-arm "0.13.12"
    esbuild-linux-arm64 "0.13.12"
    esbuild-linux-mips64le "0.13.12"
    esbuild-linux-ppc64le "0.13.12"
    esbuild-netbsd-64 "0.13.12"
    esbuild-openbsd-64 "0.13.12"
    esbuild-sunos-64 "0.13.12"
    esbuild-windows-32 "0.13.12"
    esbuild-windows-64 "0.13.12"
    esbuild-windows-arm64 "0.13.12"

estree-walker@^2.0.2:
  version "2.0.2"
  resolved "http://192.168.0.6:4873/estree-walker/-/estree-walker-2.0.2.tgz#52f010178c2a4c117a7757cfe942adb7d2da4cac"
  integrity sha1-UvAQF4wqTBF6d1fP6UKtt9LaTKw=

fill-range@^7.0.1:
  version "7.0.1"
  resolved "http://192.168.0.6:4873/fill-range/-/fill-range-7.0.1.tgz#1919a6a7c75fe38b2c7c77e5198535da9acdda40"
  integrity sha1-GRmmp8df44ssfHflGYU12prN2kA=
  dependencies:
    to-regex-range "^5.0.1"

fsevents@~2.3.2:
  version "2.3.2"
  resolved "http://192.168.0.6:4873/fsevents/-/fsevents-2.3.2.tgz#8a526f78b8fdf4623b709e0b975c52c24c02fd1a"
  integrity sha1-ilJveLj99GI7cJ4Ll1xSwkwC/Ro=

function-bind@^1.1.1:
  version "1.1.1"
  resolved "http://192.168.0.6:4873/function-bind/-/function-bind-1.1.1.tgz#a56899d3ea3c9bab874bb9773b7c5ede92f4895d"
  integrity sha1-pWiZ0+o8m6uHS7l3O3xe3pL0iV0=

get-intrinsic@^1.0.2:
  version "1.1.1"
  resolved "http://192.168.0.6:4873/get-intrinsic/-/get-intrinsic-1.1.1.tgz#15f59f376f855c446963948f0d24cd3637b4abc6"
  integrity sha1-FfWfN2+FXERpY5SPDSTNNje0q8Y=
  dependencies:
    function-bind "^1.1.1"
    has "^1.0.3"
    has-symbols "^1.0.1"

glob-parent@~5.1.2:
  version "5.1.2"
  resolved "http://192.168.0.6:4873/glob-parent/-/glob-parent-5.1.2.tgz#869832c58034fe68a4093c17dc15e8340d8401c4"
  integrity sha1-hpgyxYA0/mikCTwX3BXoNA2EAcQ=
  dependencies:
    is-glob "^4.0.1"

has-symbols@^1.0.1, has-symbols@^1.0.2:
  version "1.0.2"
  resolved "http://192.168.0.6:4873/has-symbols/-/has-symbols-1.0.2.tgz#165d3070c00309752a1236a479331e3ac56f1423"
  integrity sha1-Fl0wcMADCXUqEjakeTMeOsVvFCM=

has-tostringtag@^1.0.0:
  version "1.0.0"
  resolved "http://192.168.0.6:4873/has-tostringtag/-/has-tostringtag-1.0.0.tgz#7e133818a7d394734f941e73c3d3f9291e658b25"
  integrity sha512-kFjcSNhnlGV1kyoGk7OXKSawH5JOb/LzUc5w9B02hOTO0dfFRjbHQKvg1d6cf3HbeUmtU9VbbV3qzZ2Teh97WQ==
  dependencies:
    has-symbols "^1.0.2"

has@^1.0.3:
  version "1.0.3"
  resolved "http://192.168.0.6:4873/has/-/has-1.0.3.tgz#722d7cbfc1f6aa8241f16dd814e011e1f41e8796"
  integrity sha1-ci18v8H2qoJB8W3YFOAR4fQeh5Y=
  dependencies:
    function-bind "^1.1.1"

htmlparser2@^6.1.0:
  version "6.1.0"
  resolved "http://192.168.0.6:4873/htmlparser2/-/htmlparser2-6.1.0.tgz#c4d762b6c3371a05dbe65e94ae43a9f845fb8fb7"
  integrity sha512-gyyPk6rgonLFEDGoeRgQNaEUvdJ4ktTmmUh/h2t7s+M8oPpIPxgNACWa+6ESR57kXstwqPiCut0V8NRpcwgU7A==
  dependencies:
    domelementtype "^2.0.1"
    domhandler "^4.0.0"
    domutils "^2.5.2"
    entities "^2.0.0"

is-arrayish@^0.3.1:
  version "0.3.2"
  resolved "http://192.168.0.6:4873/is-arrayish/-/is-arrayish-0.3.2.tgz#4574a2ae56f7ab206896fb431eaeed066fdf8f03"
  integrity sha1-RXSirlb3qyBolvtDHq7tBm/fjwM=

is-binary-path@~2.1.0:
  version "2.1.0"
  resolved "http://192.168.0.6:4873/is-binary-path/-/is-binary-path-2.1.0.tgz#ea1f7f3b80f064236e83470f86c09c254fb45b09"
  integrity sha1-6h9/O4DwZCNug0cPhsCcJU+0Wwk=
  dependencies:
    binary-extensions "^2.0.0"

is-core-module@^2.2.0:
  version "2.8.0"
  resolved "http://192.168.0.6:4873/is-core-module/-/is-core-module-2.8.0.tgz#0321336c3d0925e497fd97f5d95cb114a5ccd548"
  integrity sha512-vd15qHsaqrRL7dtH6QNuy0ndJmRDrS9HAM1CAiSifNUFv4x1a0CCVsj18hJ1mShxIG6T2i1sO78MkP56r0nYRw==
  dependencies:
    has "^1.0.3"

is-expression@^4.0.0:
  version "4.0.0"
  resolved "http://192.168.0.6:4873/is-expression/-/is-expression-4.0.0.tgz#c33155962abf21d0afd2552514d67d2ec16fd2ab"
  integrity sha1-wzFVliq/IdCv0lUlFNZ9LsFv0qs=
  dependencies:
    acorn "^7.1.1"
    object-assign "^4.1.1"

is-extglob@^2.1.1:
  version "2.1.1"
  resolved "http://192.168.0.6:4873/is-extglob/-/is-extglob-2.1.1.tgz#a88c02535791f02ed37c76a1b9ea9773c833f8c2"
  integrity sha1-qIwCU1eR8C7TfHahueqXc8gz+MI=

is-glob@^4.0.1, is-glob@~4.0.1:
  version "4.0.3"
  resolved "http://192.168.0.6:4873/is-glob/-/is-glob-4.0.3.tgz#64f61e42cbbb2eec2071a9dac0b28ba1e65d5084"
  integrity sha512-xelSayHH36ZgE7ZWhli7pW34hNbNl8Ojv5KVmkJD4hBdD3th8Tfk9vYasLM+mXWOZhFkgZfxhLSnrwRr4elSSg==
  dependencies:
    is-extglob "^2.1.1"

is-number@^7.0.0:
  version "7.0.0"
  resolved "http://192.168.0.6:4873/is-number/-/is-number-7.0.0.tgz#7535345b896734d5f80c4d06c50955527a14f12b"
  integrity sha1-dTU0W4lnNNX4DE0GxQlVUnoU8Ss=

is-promise@^2.0.0:
  version "2.2.2"
  resolved "http://192.168.0.6:4873/is-promise/-/is-promise-2.2.2.tgz#39ab959ccbf9a774cf079f7b40c7a26f763135f1"
  integrity sha1-OauVnMv5p3TPB597QMeib3YxNfE=

is-regex@^1.0.3:
  version "1.1.4"
  resolved "http://192.168.0.6:4873/is-regex/-/is-regex-1.1.4.tgz#eef5663cd59fa4c0ae339505323df6854bb15958"
  integrity sha512-kvRdxDsxZjhzUX07ZnLydzS1TU/TJlTUHHY4YLL87e37oUA49DfkLqgy+VjFocowy29cKvcSiu+kIv728jTTVg==
  dependencies:
    call-bind "^1.0.2"
    has-tostringtag "^1.0.0"

js-stringify@^1.0.2:
  version "1.0.2"
  resolved "http://192.168.0.6:4873/js-stringify/-/js-stringify-1.0.2.tgz#1736fddfd9724f28a3682adc6230ae7e4e9679db"
  integrity sha1-Fzb939lyTyijaCrcYjCufk6Weds=

jsonc-parser@^2.3.0:
  version "2.3.1"
  resolved "http://192.168.0.6:4873/jsonc-parser/-/jsonc-parser-2.3.1.tgz#59549150b133f2efacca48fe9ce1ec0659af2342"
  integrity sha1-WVSRULEz8u+sykj+nOHsBlmvI0I=

jsonc-parser@^3.0.0:
  version "3.0.0"
  resolved "http://192.168.0.6:4873/jsonc-parser/-/jsonc-parser-3.0.0.tgz#abdd785701c7e7eaca8a9ec8cf070ca51a745a22"
  integrity sha1-q914VwHH5+rKip7IzwcMpRp0WiI=

jstransformer@1.0.0:
  version "1.0.0"
  resolved "http://192.168.0.6:4873/jstransformer/-/jstransformer-1.0.0.tgz#ed8bf0921e2f3f1ed4d5c1a44f68709ed24722c3"
  integrity sha1-7Yvwkh4vPx7U1cGkT2hwntJHIsM=
  dependencies:
    is-promise "^2.0.0"
    promise "^7.0.1"

lodash.isequal@^4.5.0:
  version "4.5.0"
  resolved "http://192.168.0.6:4873/lodash.isequal/-/lodash.isequal-4.5.0.tgz#415c4478f2bcc30120c22ce10ed3226f7d3e18e0"
  integrity sha1-QVxEePK8wwEgwizhDtMib30+GOA=

lru-cache@^6.0.0:
  version "6.0.0"
  resolved "http://192.168.0.6:4873/lru-cache/-/lru-cache-6.0.0.tgz#6d6fe6570ebd96aaf90fcad1dafa3b2566db3a94"
  integrity sha1-bW/mVw69lqr5D8rR2vo7JWbbOpQ=
  dependencies:
    yallist "^4.0.0"

magic-string@^0.25.7:
  version "0.25.7"
  resolved "http://192.168.0.6:4873/magic-string/-/magic-string-0.25.7.tgz#3f497d6fd34c669c6798dcb821f2ef31f5445051"
  integrity sha1-P0l9b9NMZpxnmNy4IfLvMfVEUFE=
  dependencies:
    sourcemap-codec "^1.4.4"

nanoid@^3.1.30:
  version "3.1.30"
  resolved "http://192.168.0.6:4873/nanoid/-/nanoid-3.1.30.tgz#63f93cc548d2a113dc5dfbc63bfa09e2b9b64362"
  integrity sha512-zJpuPDwOv8D2zq2WRoMe1HsfZthVewpel9CAvTfc/2mBD1uUT/agc5f7GHGWXlYkFvi1mVxe4IjvP2HNrop7nQ==

normalize-path@^3.0.0, normalize-path@~3.0.0:
  version "3.0.0"
  resolved "http://192.168.0.6:4873/normalize-path/-/normalize-path-3.0.0.tgz#0dcd69ff23a1c9b11fd0978316644a0388216a65"
  integrity sha1-Dc1p/yOhybEf0JeDFmRKA4ghamU=

number-precision@^1.5.0:
  version "1.5.1"
  resolved "http://192.168.0.6:4873/number-precision/-/number-precision-1.5.1.tgz#ea343990409d873464074353fcb30ac105a90e61"
  integrity sha512-JdTfhUHd1aUL4svSaJXlv3CKNz92js2z0+HS/9AX8euw+akompBz/QEZ7e3y7eTuJxvRqXBZP6mapUlTtLoTsA==

object-assign@^4.1.1:
  version "4.1.1"
  resolved "http://192.168.0.6:4873/object-assign/-/object-assign-4.1.1.tgz#2109adc7965887cfc05cbbd442cac8bfbb360863"
  integrity sha1-IQmtx5ZYh8/AXLvUQsrIv7s2CGM=

path-parse@^1.0.6:
  version "1.0.7"
  resolved "http://192.168.0.6:4873/path-parse/-/path-parse-1.0.7.tgz#fbc114b60ca42b30d9daf5858e4bd68bbedb6735"
  integrity sha512-LDJzPVEEEPR+y48z93A0Ed0yXb8pAByGWo/k5YYdYgpY2/2EsOsksJrq7lOHxryrVOn1ejG6oAp8ahvOIQD8sw==

picocolors@^1.0.0:
  version "1.0.0"
  resolved "http://192.168.0.6:4873/picocolors/-/picocolors-1.0.0.tgz#cb5bdc74ff3f51892236eaf79d68bc44564ab81c"
  integrity sha512-1fygroTLlHu66zi26VoTDv8yRgm0Fccecssto+MhsZ0D/DGW2sm8E8AjW7NU5VVTRt5GxbeZ5qBuJr+HyLYkjQ==

picomatch@^2.0.4, picomatch@^2.2.1:
  version "2.3.0"
  resolved "http://192.168.0.6:4873/picomatch/-/picomatch-2.3.0.tgz#f1f061de8f6a4bf022892e2d128234fb98302972"
  integrity sha512-lY1Q/PiJGC2zOv/z391WOTD+Z02bCgsFfvxoXXf6h7kv9o+WmsmzYqrAwY63sNgOxE4xEdq0WyUnXfKeBrSvYw==

postcss@^8.1.10, postcss@^8.3.8:
  version "8.3.11"
  resolved "http://192.168.0.6:4873/postcss/-/postcss-8.3.11.tgz#c3beca7ea811cd5e1c4a3ec6d2e7599ef1f8f858"
  integrity sha512-hCmlUAIlUiav8Xdqw3Io4LcpA1DOt7h3LSTAC4G6JGHFFaWzI6qvFt9oilvl8BmkbBRX1IhM90ZAmpk68zccQA==
  dependencies:
    nanoid "^3.1.30"
    picocolors "^1.0.0"
    source-map-js "^0.6.2"

promise@^7.0.1:
  version "7.3.1"
  resolved "http://192.168.0.6:4873/promise/-/promise-7.3.1.tgz#064b72602b18f90f29192b8b1bc418ffd1ebd3bf"
  integrity sha1-BktyYCsY+Q8pGSuLG8QY/9Hr078=
  dependencies:
    asap "~2.0.3"

pug-attrs@^3.0.0:
  version "3.0.0"
  resolved "http://192.168.0.6:4873/pug-attrs/-/pug-attrs-3.0.0.tgz#b10451e0348165e31fad1cc23ebddd9dc7347c41"
  integrity sha1-sQRR4DSBZeMfrRzCPr3dncc0fEE=
  dependencies:
    constantinople "^4.0.1"
    js-stringify "^1.0.2"
    pug-runtime "^3.0.0"

pug-code-gen@^3.0.2:
  version "3.0.2"
  resolved "http://192.168.0.6:4873/pug-code-gen/-/pug-code-gen-3.0.2.tgz#ad190f4943133bf186b60b80de483100e132e2ce"
  integrity sha1-rRkPSUMTO/GGtguA3kgxAOEy4s4=
  dependencies:
    constantinople "^4.0.1"
    doctypes "^1.1.0"
    js-stringify "^1.0.2"
    pug-attrs "^3.0.0"
    pug-error "^2.0.0"
    pug-runtime "^3.0.0"
    void-elements "^3.1.0"
    with "^7.0.0"

pug-error@^2.0.0:
  version "2.0.0"
  resolved "http://192.168.0.6:4873/pug-error/-/pug-error-2.0.0.tgz#5c62173cb09c34de2a2ce04f17b8adfec74d8ca5"
  integrity sha1-XGIXPLCcNN4qLOBPF7it/sdNjKU=

pug-filters@^4.0.0:
  version "4.0.0"
  resolved "http://192.168.0.6:4873/pug-filters/-/pug-filters-4.0.0.tgz#d3e49af5ba8472e9b7a66d980e707ce9d2cc9b5e"
  integrity sha1-0+Sa9bqEcum3pm2YDnB86dLMm14=
  dependencies:
    constantinople "^4.0.1"
    jstransformer "1.0.0"
    pug-error "^2.0.0"
    pug-walk "^2.0.0"
    resolve "^1.15.1"

pug-lexer@^5.0.1:
  version "5.0.1"
  resolved "http://192.168.0.6:4873/pug-lexer/-/pug-lexer-5.0.1.tgz#ae44628c5bef9b190b665683b288ca9024b8b0d5"
  integrity sha1-rkRijFvvmxkLZlaDsojKkCS4sNU=
  dependencies:
    character-parser "^2.2.0"
    is-expression "^4.0.0"
    pug-error "^2.0.0"

pug-linker@^4.0.0:
  version "4.0.0"
  resolved "http://192.168.0.6:4873/pug-linker/-/pug-linker-4.0.0.tgz#12cbc0594fc5a3e06b9fc59e6f93c146962a7708"
  integrity sha1-EsvAWU/Fo+Brn8Web5PBRpYqdwg=
  dependencies:
    pug-error "^2.0.0"
    pug-walk "^2.0.0"

pug-load@^3.0.0:
  version "3.0.0"
  resolved "http://192.168.0.6:4873/pug-load/-/pug-load-3.0.0.tgz#9fd9cda52202b08adb11d25681fb9f34bd41b662"
  integrity sha1-n9nNpSICsIrbEdJWgfufNL1BtmI=
  dependencies:
    object-assign "^4.1.1"
    pug-walk "^2.0.0"

pug-parser@^6.0.0:
  version "6.0.0"
  resolved "http://192.168.0.6:4873/pug-parser/-/pug-parser-6.0.0.tgz#a8fdc035863a95b2c1dc5ebf4ecf80b4e76a1260"
  integrity sha1-qP3ANYY6lbLB3F6/Ts+AtOdqEmA=
  dependencies:
    pug-error "^2.0.0"
    token-stream "1.0.0"

pug-runtime@^3.0.0, pug-runtime@^3.0.1:
  version "3.0.1"
  resolved "http://192.168.0.6:4873/pug-runtime/-/pug-runtime-3.0.1.tgz#f636976204723f35a8c5f6fad6acda2a191b83d7"
  integrity sha1-9jaXYgRyPzWoxfb61qzaKhkbg9c=

pug-strip-comments@^2.0.0:
  version "2.0.0"
  resolved "http://192.168.0.6:4873/pug-strip-comments/-/pug-strip-comments-2.0.0.tgz#f94b07fd6b495523330f490a7f554b4ff876303e"
  integrity sha1-+UsH/WtJVSMzD0kKf1VLT/h2MD4=
  dependencies:
    pug-error "^2.0.0"

pug-walk@^2.0.0:
  version "2.0.0"
  resolved "http://192.168.0.6:4873/pug-walk/-/pug-walk-2.0.0.tgz#417aabc29232bb4499b5b5069a2b2d2a24d5f5fe"
  integrity sha1-QXqrwpIyu0SZtbUGmistKiTV9f4=

pug@^3.0.2:
  version "3.0.2"
  resolved "http://192.168.0.6:4873/pug/-/pug-3.0.2.tgz#f35c7107343454e43bc27ae0ff76c731b78ea535"
  integrity sha1-81xxBzQ0VOQ7wnrg/3bHMbeOpTU=
  dependencies:
    pug-code-gen "^3.0.2"
    pug-filters "^4.0.0"
    pug-lexer "^5.0.1"
    pug-linker "^4.0.0"
    pug-load "^3.0.0"
    pug-parser "^6.0.0"
    pug-runtime "^3.0.1"
    pug-strip-comments "^2.0.0"

readdirp@~3.6.0:
  version "3.6.0"
  resolved "http://192.168.0.6:4873/readdirp/-/readdirp-3.6.0.tgz#74a370bd857116e245b29cc97340cd431a02a6c7"
  integrity sha512-hOS089on8RduqdbhvQ5Z37A0ESjsqz6qnRcffsMU3495FuTdqSm+7bhJ29JvIOsBDEEnan5DPu9t3To9VRlMzA==
  dependencies:
    picomatch "^2.2.1"

request-light@^0.5.4:
  version "0.5.4"
  resolved "http://192.168.0.6:4873/request-light/-/request-light-0.5.4.tgz#497a98c6d8ae49536417a5e2d7f383b934f3e38c"
  integrity sha512-t3566CMweOFlUk7Y1DJMu5OrtpoZEb6aSTsLQVT3wtrIEJ5NhcY9G/Oqxvjllzl4a15zXfFlcr9q40LbLVQJqw==

resize-observer-polyfill@^1.5.1:
  version "1.5.1"
  resolved "http://192.168.0.6:4873/resize-observer-polyfill/-/resize-observer-polyfill-1.5.1.tgz#0e9020dd3d21024458d4ebd27e23e40269810464"
  integrity sha1-DpAg3T0hAkRY1OvSfiPkAmmBBGQ=

resolve@^1.15.1, resolve@^1.20.0:
  version "1.20.0"
  resolved "http://192.168.0.6:4873/resolve/-/resolve-1.20.0.tgz#629a013fb3f70755d6f0b7935cc1c2c5378b1975"
  integrity sha1-YpoBP7P3B1XW8LeTXMHCxTeLGXU=
  dependencies:
    is-core-module "^2.2.0"
    path-parse "^1.0.6"

rollup@^2.57.0:
  version "2.59.0"
  resolved "http://192.168.0.6:4873/rollup/-/rollup-2.59.0.tgz#108c61b0fa0a37ebc8d1f164f281622056f0db59"
  integrity sha512-l7s90JQhCQ6JyZjKgo7Lq1dKh2RxatOM+Jr6a9F7WbS9WgKbocyUSeLmZl8evAse7y96Ae98L2k1cBOwWD8nHw==
  optionalDependencies:
    fsevents "~2.3.2"

sass@^1.43.4:
  version "1.43.4"
  resolved "http://192.168.0.6:4873/sass/-/sass-1.43.4.tgz#68c7d6a1b004bef49af0d9caf750e9b252105d1f"
  integrity sha512-/ptG7KE9lxpGSYiXn7Ar+lKOv37xfWsZRtFYal2QHNigyVQDx685VFT/h7ejVr+R8w7H4tmUgtulsKl5YpveOg==
  dependencies:
    chokidar ">=3.0.0 <4.0.0"

scroll-into-view-if-needed@^2.2.28:
  version "2.2.28"
  resolved "http://192.168.0.6:4873/scroll-into-view-if-needed/-/scroll-into-view-if-needed-2.2.28.tgz#5a15b2f58a52642c88c8eca584644e01703d645a"
  integrity sha512-8LuxJSuFVc92+0AdNv4QOxRL4Abeo1DgLnGNkn1XlaujPH/3cCFz3QI60r2VNu4obJJROzgnIUw5TKQkZvZI1w==
  dependencies:
    compute-scroll-into-view "^1.0.17"

semver@^7.3.5:
  version "7.3.5"
  resolved "http://192.168.0.6:4873/semver/-/semver-7.3.5.tgz#0b621c879348d8998e4b0e4be94b3f12e6018ef7"
  integrity sha512-PoeGJYh8HK4BTO/a9Tf6ZG3veo/A7ZVsYrSA6J8ny9nb3B1VrpkuN+z9OE5wfE5p6H4LchYZsegiQgbJD94ZFQ==
  dependencies:
    lru-cache "^6.0.0"

simple-swizzle@^0.2.2:
  version "0.2.2"
  resolved "http://192.168.0.6:4873/simple-swizzle/-/simple-swizzle-0.2.2.tgz#a4da6b635ffcccca33f70d17cb92592de95e557a"
  integrity sha1-pNprY1/8zMoz9w0Xy5JZLeleVXo=
  dependencies:
    is-arrayish "^0.3.1"

source-map-js@^0.6.2:
  version "0.6.2"
  resolved "http://192.168.0.6:4873/source-map-js/-/source-map-js-0.6.2.tgz#0bb5de631b41cfbda6cfba8bd05a80efdfd2385e"
  integrity sha512-/3GptzWzu0+0MBQFrDKzw/DvvMTUORvgY6k6jd/VS6iCR4RDTKWH6v6WPwQoUO8667uQEf9Oe38DxAYWY5F/Ug==

source-map@^0.6.1:
  version "0.6.1"
  resolved "http://192.168.0.6:4873/source-map/-/source-map-0.6.1.tgz#74722af32e9614e9c287a8d0bbde48b5e2f1a263"
  integrity sha1-dHIq8y6WFOnCh6jQu95IteLxomM=

sourcemap-codec@^1.4.4:
  version "1.4.8"
  resolved "http://192.168.0.6:4873/sourcemap-codec/-/sourcemap-codec-1.4.8.tgz#ea804bd94857402e6992d05a38ef1ae35a9ab4c4"
  integrity sha1-6oBL2UhXQC5pktBaOO8a41qatMQ=

to-fast-properties@^2.0.0:
  version "2.0.0"
  resolved "http://192.168.0.6:4873/to-fast-properties/-/to-fast-properties-2.0.0.tgz#dc5e698cbd079265bc73e0377681a4e4e83f616e"
  integrity sha1-3F5pjL0HkmW8c+A3doGk5Og/YW4=

to-regex-range@^5.0.1:
  version "5.0.1"
  resolved "http://192.168.0.6:4873/to-regex-range/-/to-regex-range-5.0.1.tgz#1648c44aae7c8d988a326018ed72f5b4dd0392e4"
  integrity sha1-FkjESq58jZiKMmAY7XL1tN0DkuQ=
  dependencies:
    is-number "^7.0.0"

token-stream@1.0.0:
  version "1.0.0"
  resolved "http://192.168.0.6:4873/token-stream/-/token-stream-1.0.0.tgz#cc200eab2613f4166d27ff9afc7ca56d49df6eb4"
  integrity sha1-zCAOqyYT9BZtJ/+a/HylbUnfbrQ=

typescript@^4.4.4:
  version "4.4.4"
  resolved "http://192.168.0.6:4873/typescript/-/typescript-4.4.4.tgz#2cd01a1a1f160704d3101fd5a58ff0f9fcb8030c"
  integrity sha512-DqGhF5IKoBl8WNf8C1gu8q0xZSInh9j1kJJMqT3a94w1JzVaBU4EXOSMrz9yDqMT0xt3selp83fuFMQ0uzv6qA==

upath@^2.0.1:
  version "2.0.1"
  resolved "http://192.168.0.6:4873/upath/-/upath-2.0.1.tgz#50c73dea68d6f6b990f51d279ce6081665d61a8b"
  integrity sha1-UMc96mjW9rmQ9R0nnOYIFmXWGos=

vite@^2.6.4:
  version "2.6.13"
  resolved "http://192.168.0.6:4873/vite/-/vite-2.6.13.tgz#16b3ec85a66d5b461ac29a903874d4357f9af432"
  integrity sha512-+tGZ1OxozRirTudl4M3N3UTNJOlxdVo/qBl2IlDEy/ZpTFcskp+k5ncNjayR3bRYTCbqSOFz2JWGN1UmuDMScA==
  dependencies:
    esbuild "^0.13.2"
    postcss "^8.3.8"
    resolve "^1.20.0"
    rollup "^2.57.0"
  optionalDependencies:
    fsevents "~2.3.2"

void-elements@^3.1.0:
  version "3.1.0"
  resolved "http://192.168.0.6:4873/void-elements/-/void-elements-3.1.0.tgz#614f7fbf8d801f0bb5f0661f5b2f5785750e4f09"
  integrity sha1-YU9/v42AHwu18GYfWy9XhXUOTwk=

vscode-css-languageservice@^5.1.4:
  version "5.1.8"
  resolved "http://192.168.0.6:4873/vscode-css-languageservice/-/vscode-css-languageservice-5.1.8.tgz#36cb389788ffc2d5e6630ffc84e55ee38f8a2338"
  integrity sha512-Si1sMykS8U/p8LYgLGPCfZD1YFT0AtvUJQp9XJGw64DZWhtwYo28G2l64USLS9ge4ZPMZpwdpOK7PfbVKfgiiA==
  dependencies:
    vscode-languageserver-textdocument "^1.0.1"
    vscode-languageserver-types "^3.16.0"
    vscode-nls "^5.0.0"
    vscode-uri "^3.0.2"

vscode-html-languageservice@^4.0.7:
  version "4.1.1"
  resolved "http://192.168.0.6:4873/vscode-html-languageservice/-/vscode-html-languageservice-4.1.1.tgz#93739c9f3d0c12c8249bad23f5005850c289ec38"
  integrity sha512-rrDyCiOgMwOPgchpPGAeLzjYVVEW/Ror2/a1BWUEI3S9+NQhA9vj4SQkzmH6g2Bq9S9SV0OQeadD+xphOf1N3w==
  dependencies:
    vscode-languageserver-textdocument "^1.0.1"
    vscode-languageserver-types "^3.16.0"
    vscode-nls "^5.0.0"
    vscode-uri "^3.0.2"

vscode-json-languageservice@^4.1.7:
  version "4.1.9"
  resolved "http://192.168.0.6:4873/vscode-json-languageservice/-/vscode-json-languageservice-4.1.9.tgz#fb48edc69e37167c3cafd447c3fa898052d87b61"
  integrity sha512-kxNHitUy2fCxmP6vAp0SRLrUSuecUYzzxlC+85cC3jJlFHWmvtCJOzikC+kcUnIdls9fQSB8n0yHs8Sl6taxJw==
  dependencies:
    jsonc-parser "^3.0.0"
    vscode-languageserver-textdocument "^1.0.1"
    vscode-languageserver-types "^3.16.0"
    vscode-nls "^5.0.0"
    vscode-uri "^3.0.2"

vscode-jsonrpc@8.0.0-next.3, vscode-jsonrpc@^8.0.0-next.2:
  version "8.0.0-next.3"
  resolved "http://192.168.0.6:4873/vscode-jsonrpc/-/vscode-jsonrpc-8.0.0-next.3.tgz#b55edff0e550b03f3804aade44aca2699af27255"
  integrity sha512-2wRiBR5tZAXZ4UxIO4F0cT/zN6OpruoWO0vc7EpQZxVfumb0pYiSegB+PaOzXCuFQzh7YEshW/XMg4zTz3FGVQ==

vscode-languageserver-protocol@3.17.0-next.9:
  version "3.17.0-next.9"
  resolved "http://192.168.0.6:4873/vscode-languageserver-protocol/-/vscode-languageserver-protocol-3.17.0-next.9.tgz#0fd4ad43611c96acd83d8d998dbe76668f60e604"
  integrity sha512-DGkRmbI1hRBMY6HU6MOyza5AvYp0+HcbMf2qdmI98luyQJ26dOfHY5K38OS4hlTHhdJg9RypTQ/uBbLZehmn1Q==
  dependencies:
    vscode-jsonrpc "8.0.0-next.3"
    vscode-languageserver-types "3.17.0-next.4"

vscode-languageserver-textdocument@^1.0.1:
  version "1.0.2"
  resolved "http://192.168.0.6:4873/vscode-languageserver-textdocument/-/vscode-languageserver-textdocument-1.0.2.tgz#2f9f6bd5b5eb3d8e21424c0c367009216f016236"
  integrity sha512-T7uPC18+f8mYE4lbVZwb3OSmvwTZm3cuFhrdx9Bn2l11lmp3SvSuSVjy2JtvrghzjAo4G6Trqny2m9XGnFnWVA==

vscode-languageserver-types@3.17.0-next.4:
  version "3.17.0-next.4"
  resolved "http://192.168.0.6:4873/vscode-languageserver-types/-/vscode-languageserver-types-3.17.0-next.4.tgz#f6788b375ec163da8b381f2f3e3f547cbc7fbeec"
  integrity sha512-MraVkZDhfqa3ftnKW9rEDeqsV+ji8OrtEjx6mVjzVGm5U2XXT+mdqDWyQ+y0Gvb2/aa2oJJQyTAaDmRTUKiUbg==

vscode-languageserver-types@^3.15.1, vscode-languageserver-types@^3.16.0:
  version "3.16.0"
  resolved "http://192.168.0.6:4873/vscode-languageserver-types/-/vscode-languageserver-types-3.16.0.tgz#ecf393fc121ec6974b2da3efb3155644c514e247"
  integrity sha1-7POT/BIexpdLLaPvsxVWRMUU4kc=

vscode-languageserver@^8.0.0-next.2:
  version "8.0.0-next.3"
  resolved "http://192.168.0.6:4873/vscode-languageserver/-/vscode-languageserver-8.0.0-next.3.tgz#36c701a6844ec269505539e3b84a37693760a52f"
  integrity sha512-uxL/tKUa/gRdvQINVmMnK32d6LwfTPTvF7l1iZIFDuAdhGrQ+Po+4lS3w4hwQSeUmapM1WMELXNBFca/u3H5Uw==
  dependencies:
    vscode-languageserver-protocol "3.17.0-next.9"

vscode-nls@^5.0.0:
  version "5.0.0"
  resolved "http://192.168.0.6:4873/vscode-nls/-/vscode-nls-5.0.0.tgz#99f0da0bd9ea7cda44e565a74c54b1f2bc257840"
  integrity sha1-mfDaC9nqfNpE5WWnTFSx8rwleEA=

vscode-pug-languageservice@^0.27.24:
  version "0.27.24"
  resolved "http://192.168.0.6:4873/vscode-pug-languageservice/-/vscode-pug-languageservice-0.27.24.tgz#fa805c4d3e33dee3681e660a0767136738e68370"
  integrity sha512-GSvsFB+rPhAD7cBlEKCVNNsFGIaOnp/0zyLw3WpYbXY24vJZafXu1kHvtYaaQXJRnIhqp5EI5p+EqpdI3hTBnw==
  dependencies:
    "@volar/code-gen" "^0.27.24"
    "@volar/shared" "^0.27.24"
    "@volar/source-map" "^0.27.24"
    "@volar/transforms" "^0.27.24"
    pug-lexer "^5.0.1"
    pug-parser "^6.0.0"
    vscode-languageserver "^8.0.0-next.2"

vscode-typescript-languageservice@^0.27.25:
  version "0.27.25"
  resolved "http://192.168.0.6:4873/vscode-typescript-languageservice/-/vscode-typescript-languageservice-0.27.25.tgz#acd211723b600108c25515388b75d55ce15bb056"
  integrity sha512-nxpJI9MnF2rn5rKL/032Qrsq3T9DgM3slK5fwZp3suNdo90JG2zFTs3Ola8n62k7+KWu4A775obxyb4wLIW6Gw==
  dependencies:
    "@volar/shared" "^0.27.24"
    semver "^7.3.5"
    upath "^2.0.1"
    vscode-languageserver "^8.0.0-next.2"
    vscode-languageserver-textdocument "^1.0.1"

vscode-uri@^2.1.2:
  version "2.1.2"
  resolved "http://192.168.0.6:4873/vscode-uri/-/vscode-uri-2.1.2.tgz#c8d40de93eb57af31f3c715dd650e2ca2c096f1c"
  integrity sha1-yNQN6T61evMfPHFd1lDiyiwJbxw=

vscode-uri@^3.0.2:
  version "3.0.2"
  resolved "http://192.168.0.6:4873/vscode-uri/-/vscode-uri-3.0.2.tgz#ecfd1d066cb8ef4c3a208decdbab9a8c23d055d0"
  integrity sha1-7P0dBmy470w6II3s26uajCPQVdA=

vscode-vue-languageservice@^0.27.0:
  version "0.27.30"
  resolved "http://192.168.0.6:4873/vscode-vue-languageservice/-/vscode-vue-languageservice-0.27.30.tgz#1f32b0203dd233582f74a457428519a6318f039e"
  integrity sha512-nPnUNCMqqHfxcCPLyLWvmgbNCgos3SwvPcl/CzAnMbqcjLtNZppsdI7bKX3EEj0Jbg6SGLQ9NanIvZaMI1bsUA==
  dependencies:
    "@volar/code-gen" "^0.27.24"
    "@volar/html2pug" "^0.27.13"
    "@volar/shared" "^0.27.24"
    "@volar/source-map" "^0.27.24"
    "@volar/transforms" "^0.27.24"
    "@vscode/emmet-helper" "^2.7.0"
    "@vue/compiler-dom" "^3.2.19"
    "@vue/reactivity" "^3.2.19"
    "@vue/shared" "^3.2.19"
    request-light "^0.5.4"
    upath "^2.0.1"
    vscode-css-languageservice "^5.1.4"
    vscode-html-languageservice "^4.0.7"
    vscode-json-languageservice "^4.1.7"
    vscode-languageserver "^8.0.0-next.2"
    vscode-languageserver-textdocument "^1.0.1"
    vscode-pug-languageservice "^0.27.24"
    vscode-typescript-languageservice "^0.27.25"

vue-router@4:
  version "4.0.12"
  resolved "http://192.168.0.6:4873/vue-router/-/vue-router-4.0.12.tgz#8dc792cddf5bb1abcc3908f9064136de7e13c460"
  integrity sha512-CPXvfqe+mZLB1kBWssssTiWg4EQERyqJZes7USiqfW9B5N2x+nHlnsM1D3b5CaJ6qgCvMmYJnz+G0iWjNCvXrg==
  dependencies:
    "@vue/devtools-api" "^6.0.0-beta.18"

vue-tsc@^0.3.0:
  version "0.3.0"
  resolved "http://192.168.0.6:4873/vue-tsc/-/vue-tsc-0.3.0.tgz#3b3872bf4f1d2e4409b57adbd826032e253db406"
  integrity sha512-zaDRZBxwRIz1XjhNP92FqugG71st6BUMnA2EwPeXrAyzbEYVRz6TezNFceYl3QYqqN8CtaxbqUhaQEDj/ntoCA==
  dependencies:
    vscode-vue-languageservice "^0.27.0"

vue@^3.2.16:
  version "3.2.20"
  resolved "http://192.168.0.6:4873/vue/-/vue-3.2.20.tgz#940f8aa8bf3e3be78243ca582bad41fcd45ae3e6"
  integrity sha512-81JjEP4OGk9oO8+CU0h2nFPGgJBm9mNa3kdCX2k6FuRdrWrC+CNe+tOnuIeTg8EWwQuI+wwdra5Q7vSzp7p4Iw==
  dependencies:
    "@vue/compiler-dom" "3.2.20"
    "@vue/compiler-sfc" "3.2.20"
    "@vue/runtime-dom" "3.2.20"
    "@vue/server-renderer" "3.2.20"
    "@vue/shared" "3.2.20"

with@^7.0.0:
  version "7.0.2"
  resolved "http://192.168.0.6:4873/with/-/with-7.0.2.tgz#ccee3ad542d25538a7a7a80aad212b9828495bac"
  integrity sha1-zO461ULSVTinp6gKrSErmChJW6w=
  dependencies:
    "@babel/parser" "^7.9.6"
    "@babel/types" "^7.9.6"
    assert-never "^1.2.1"
    babel-walk "3.0.0-canary-5"

yallist@^4.0.0:
  version "4.0.0"
  resolved "http://192.168.0.6:4873/yallist/-/yallist-4.0.0.tgz#9bb92790d9c0effec63be73519e11a35019a3a72"
  integrity sha1-m7knkNnA7/7GO+c1GeEaNQGaOnI=
